
Microsoft Visual Studio Solution File, Format Version 12.00
# Visual Studio Version 16
VisualStudioVersion = 16.0.30517.126
MinimumVisualStudioVersion = 10.0.40219.1
Project("{FAE04EC0-301F-11D3-BF4B-00C04F79EFBC}") = "WhileLoop", "WhileLoop\WhileLoop.csproj", "{452D3C47-CFAC-4B39-8F11-B025797E8A1C}"
EndProject
Global
	GlobalSection(SolutionConfigurationPlatforms) = preSolution
		Debug|Any CPU = Debug|Any CPU
		Release|Any CPU = Release|Any CPU
	EndGlobalSection
	GlobalSection(ProjectConfigurationPlatforms) = postSolution
		{452D3C47-CFAC-4B39-8F11-B025797E8A1C}.Debug|Any CPU.ActiveCfg = Debug|Any CPU
		{452D3C47-CFAC-4B39-8F11-B025797E8A1C}.Debug|Any CPU.Build.0 = Debug|Any CPU
		{452D3C47-CFAC-4B39-8F11-B025797E8A1C}.Release|Any CPU.ActiveCfg = Release|Any CPU
		{452D3C47-CFAC-4B39-8F11-B025797E8A1C}.Release|Any CPU.Build.0 = Release|Any CPU
	EndGlobalSection
	GlobalSection(SolutionProperties) = preSolution
		HideSolutionNode = FALSE
	EndGlobalSection
	GlobalSection(ExtensibilityGlobals) = postSolution
		SolutionGuid = {C64D8FDD-8DE1-415E-BDC9-7D8604938D03}
	EndGlobalSection
EndGlobal
